<?xml version="1.0" encoding="utf-8"?>
<Project ToolsVersion="4.0" xmlns="http://schemas.microsoft.com/developer/msbuild/2003">
  <ItemGroup>
    <Filter Include="Source Files">
      <UniqueIdentifier>{4FC737F1-C7A5-4376-A066-2A32D752A2FF}</UniqueIdentifier>
      <Extensions>cpp;c;cc;cxx;def;odl;idl;hpj;bat;asm;asmx</Extensions>
    </Filter>
    <Filter Include="Header Files">
      <UniqueIdentifier>{93995380-89BD-4b04-88EB-625FBE52EBFB}</UniqueIdentifier>
      <Extensions>h;hpp;hxx;hm;inl;inc;xsd</Extensions>
    </Filter>
  </ItemGroup>
  <ItemGroup>
    <ClCompile Include=".\AI.cpp">
      <Filter>Source Files</Filter>
    </ClCompile>
    <ClCompile Include=".\BMPLoader.cpp">
      <Filter>Source Files</Filter>
    </ClCompile>
    <ClCompile Include=".\CharacterSelectMode.cpp">
      <Filter>Source Files</Filter>
    </ClCompile>
    <ClCompile Include=".\DebugEye.cpp">
      <Filter>Source Files</Filter>
    </ClCompile>
    <ClCompile Include=".\Driver.cpp">
      <Filter>Source Files</Filter>
    </ClCompile>
    <ClCompile Include=".\DriverParticleSystem.cpp">
      <Filter>Source Files</Filter>
    </ClCompile>
    <ClCompile Include=".\Entity.cpp">
      <Filter>Source Files</Filter>
    </ClCompile>
    <ClCompile Include=".\Fireball.cpp">
      <Filter>Source Files</Filter>
    </ClCompile>
    <ClCompile Include=".\FractalTerrain.cpp">
      <Filter>Source Files</Filter>
    </ClCompile>
    <ClCompile Include=".\FreezeParticle.cpp">
      <Filter>Source Files</Filter>
    </ClCompile>
    <ClCompile Include=".\FreezeParticleSystem.cpp">
      <Filter>Source Files</Filter>
    </ClCompile>
    <ClCompile Include=".\Frustum.cpp">
      <Filter>Source Files</Filter>
    </ClCompile>
    <ClCompile Include=".\GameModeManager.cpp">
      <Filter>Source Files</Filter>
    </ClCompile>
    <ClCompile Include=".\GameOverMode.cpp">
      <Filter>Source Files</Filter>
    </ClCompile>
    <ClCompile Include=".\GameWindow.cpp">
      <Filter>Source Files</Filter>
    </ClCompile>
    <ClCompile Include=".\Iceshot.cpp">
      <Filter>Source Files</Filter>
    </ClCompile>
    <ClCompile Include=".\InputManager.cpp">
      <Filter>Source Files</Filter>
    </ClCompile>
    <ClCompile Include=".\Intersection.cpp">
      <Filter>Source Files</Filter>
    </ClCompile>
    <ClCompile Include=".\Light.cpp">
      <Filter>Source Files</Filter>
    </ClCompile>
    <ClCompile Include=".\Main.cpp">
      <Filter>Source Files</Filter>
    </ClCompile>
    <ClCompile Include=".\MainMenuMode.cpp">
      <Filter>Source Files</Filter>
    </ClCompile>
    <ClCompile Include=".\Materials.cpp">
      <Filter>Source Files</Filter>
    </ClCompile>
    <ClCompile Include=".\MeshObject.cpp">
      <Filter>Source Files</Filter>
    </ClCompile>
    <ClCompile Include=".\MeshStructure.cpp">
      <Filter>Source Files</Filter>
    </ClCompile>
    <ClCompile Include=".\ObjLoader.c">
      <Filter>Source Files</Filter>
    </ClCompile>
    <ClCompile Include=".\Particle.cpp">
      <Filter>Source Files</Filter>
    </ClCompile>
    <ClCompile Include=".\PauseMenuMode.cpp">
      <Filter>Source Files</Filter>
    </ClCompile>
    <ClCompile Include=".\PowerMissile.cpp">
      <Filter>Source Files</Filter>
    </ClCompile>
    <ClCompile Include=".\ProjectileWeapon.cpp">
      <Filter>Source Files</Filter>
    </ClCompile>
    <ClCompile Include=".\Sarge.cpp">
      <Filter>Source Files</Filter>
    </ClCompile>
    <ClCompile Include=".\SBLib.cpp">
      <Filter>Source Files</Filter>
    </ClCompile>
    <ClCompile Include=".\Scrappy.cpp">
      <Filter>Source Files</Filter>
    </ClCompile>
    <ClCompile Include=".\Shader.cpp">
      <Filter>Source Files</Filter>
    </ClCompile>
    <ClCompile Include=".\Skydome.cpp">
      <Filter>Source Files</Filter>
    </ClCompile>
    <ClCompile Include=".\SmallHealthPowerUp.cpp">
      <Filter>Source Files</Filter>
    </ClCompile>
    <ClCompile Include=".\TextureLoader.cpp">
      <Filter>Source Files</Filter>
    </ClCompile>
    <ClCompile Include=".\tgaLoader.c">
      <Filter>Source Files</Filter>
    </ClCompile>
    <ClCompile Include=".\ToxicParticle.cpp">
      <Filter>Source Files</Filter>
    </ClCompile>
    <ClCompile Include=".\ToxicParticleSystem.cpp">
      <Filter>Source Files</Filter>
    </ClCompile>
    <ClCompile Include=".\Toxicshot.cpp">
      <Filter>Source Files</Filter>
    </ClCompile>
    <ClCompile Include=".\Vector3.cpp">
      <Filter>Source Files</Filter>
    </ClCompile>
    <ClCompile Include=".\WeaponPowerUp.cpp">
      <Filter>Source Files</Filter>
    </ClCompile>
    <ClCompile Include=".\WorldMode.cpp">
      <Filter>Source Files</Filter>
    </ClCompile>
    <ClCompile Include="Vector3D.cpp">
      <Filter>Source Files</Filter>
    </ClCompile>
    <ClCompile Include="AudioManager.cpp">
      <Filter>Source Files</Filter>
    </ClCompile>
    <ClCompile Include="TextureManager.cpp">
      <Filter>Source Files</Filter>
    </ClCompile>
  </ItemGroup>
  <ItemGroup>
    <ClInclude Include=".\AI.h">
      <Filter>Header Files</Filter>
    </ClInclude>
    <ClInclude Include=".\BMPLoader.h">
      <Filter>Header Files</Filter>
    </ClInclude>
    <ClInclude Include=".\CharacterSelectMode.h">
      <Filter>Header Files</Filter>
    </ClInclude>
    <ClInclude Include=".\DebugEye.h">
      <Filter>Header Files</Filter>
    </ClInclude>
    <ClInclude Include=".\Driver.h">
      <Filter>Header Files</Filter>
    </ClInclude>
    <ClInclude Include=".\DriverParticleSystem.h">
      <Filter>Header Files</Filter>
    </ClInclude>
    <ClInclude Include=".\Entity.h">
      <Filter>Header Files</Filter>
    </ClInclude>
    <ClInclude Include=".\Fireball.h">
      <Filter>Header Files</Filter>
    </ClInclude>
    <ClInclude Include=".\FractalTerrain.h">
      <Filter>Header Files</Filter>
    </ClInclude>
    <ClInclude Include=".\FreezeParticle.h">
      <Filter>Header Files</Filter>
    </ClInclude>
    <ClInclude Include=".\FreezeParticleSystem.h">
      <Filter>Header Files</Filter>
    </ClInclude>
    <ClInclude Include=".\Frustum.h">
      <Filter>Header Files</Filter>
    </ClInclude>
    <ClInclude Include=".\GameMode.h">
      <Filter>Header Files</Filter>
    </ClInclude>
    <ClInclude Include=".\GameModeManager.h">
      <Filter>Header Files</Filter>
    </ClInclude>
    <ClInclude Include=".\GameOverMode.h">
      <Filter>Header Files</Filter>
    </ClInclude>
    <ClInclude Include=".\GameWindow.h">
      <Filter>Header Files</Filter>
    </ClInclude>
    <ClInclude Include=".\Iceshot.h">
      <Filter>Header Files</Filter>
    </ClInclude>
    <ClInclude Include=".\InputEvent.h">
      <Filter>Header Files</Filter>
    </ClInclude>
    <ClInclude Include=".\InputManager.h">
      <Filter>Header Files</Filter>
    </ClInclude>
    <ClInclude Include=".\Intersection.h">
      <Filter>Header Files</Filter>
    </ClInclude>
    <ClInclude Include=".\Light.h">
      <Filter>Header Files</Filter>
    </ClInclude>
    <ClInclude Include=".\MainMenuMode.h">
      <Filter>Header Files</Filter>
    </ClInclude>
    <ClInclude Include=".\Materials.h">
      <Filter>Header Files</Filter>
    </ClInclude>
    <ClInclude Include=".\MeshObject.h">
      <Filter>Header Files</Filter>
    </ClInclude>
    <ClInclude Include=".\MeshStructure.h">
      <Filter>Header Files</Filter>
    </ClInclude>
    <ClInclude Include=".\ObjLoader.h">
      <Filter>Header Files</Filter>
    </ClInclude>
    <ClInclude Include=".\Particle.h">
      <Filter>Header Files</Filter>
    </ClInclude>
    <ClInclude Include=".\PauseMenuMode.h">
      <Filter>Header Files</Filter>
    </ClInclude>
    <ClInclude Include=".\PowerMissile.h">
      <Filter>Header Files</Filter>
    </ClInclude>
    <ClInclude Include=".\ProjectileWeapon.h">
      <Filter>Header Files</Filter>
    </ClInclude>
    <ClInclude Include=".\Sarge.h">
      <Filter>Header Files</Filter>
    </ClInclude>
    <ClInclude Include=".\SBLib.h">
      <Filter>Header Files</Filter>
    </ClInclude>
    <ClInclude Include=".\Scrappy.h">
      <Filter>Header Files</Filter>
    </ClInclude>
    <ClInclude Include=".\Shader.h">
      <Filter>Header Files</Filter>
    </ClInclude>
    <ClInclude Include=".\Skydome.h">
      <Filter>Header Files</Filter>
    </ClInclude>
    <ClInclude Include=".\SmallHealthPowerUp.h">
      <Filter>Header Files</Filter>
    </ClInclude>
    <ClInclude Include=".\TextureLoader.h">
      <Filter>Header Files</Filter>
    </ClInclude>
    <ClInclude Include=".\tgaLoader.h">
      <Filter>Header Files</Filter>
    </ClInclude>
    <ClInclude Include=".\ToxicParticle.h">
      <Filter>Header Files</Filter>
    </ClInclude>
    <ClInclude Include=".\ToxicParticleSystem.h">
      <Filter>Header Files</Filter>
    </ClInclude>
    <ClInclude Include=".\Toxicshot.h">
      <Filter>Header Files</Filter>
    </ClInclude>
    <ClInclude Include=".\Vector3.h">
      <Filter>Header Files</Filter>
    </ClInclude>
    <ClInclude Include=".\WeaponPowerUp.h">
      <Filter>Header Files</Filter>
    </ClInclude>
    <ClInclude Include=".\WorldMode.h">
      <Filter>Header Files</Filter>
    </ClInclude>
    <ClInclude Include="Vector3D.h">
      <Filter>Header Files</Filter>
    </ClInclude>
    <ClInclude Include="AudioManager.h">
      <Filter>Header Files</Filter>
    </ClInclude>
    <ClInclude Include="TextureManager.h">
      <Filter>Header Files</Filter>
    </ClInclude>
  </ItemGroup>
</Project>